
Microsoft Visual Studio Solution File, Format Version 12.00
# Visual Studio Version 17
VisualStudioVersion = 17.3.32825.248
MinimumVisualStudioVersion = 10.0.40219.1
Project("{FAE04EC0-301F-11D3-BF4B-00C04F79EFBC}") = "Project_CakeStore", "Project_CakeStore\Project_CakeStore.csproj", "{A3DA9FEA-CA63-436A-A803-D0E19A40F58A}"
EndProject
Global
	GlobalSection(SolutionConfigurationPlatforms) = preSolution
		Debug|Any CPU = Debug|Any CPU
		Release|Any CPU = Release|Any CPU
	EndGlobalSection
	GlobalSection(ProjectConfigurationPlatforms) = postSolution
		{A3DA9FEA-CA63-436A-A803-D0E19A40F58A}.Debug|Any CPU.ActiveCfg = Debug|Any CPU
		{A3DA9FEA-CA63-436A-A803-D0E19A40F58A}.Debug|Any CPU.Build.0 = Debug|Any CPU
		{A3DA9FEA-CA63-436A-A803-D0E19A40F58A}.Release|Any CPU.ActiveCfg = Release|Any CPU
		{A3DA9FEA-CA63-436A-A803-D0E19A40F58A}.Release|Any CPU.Build.0 = Release|Any CPU
	EndGlobalSection
	GlobalSection(SolutionProperties) = preSolution
		HideSolutionNode = FALSE
	EndGlobalSection
	GlobalSection(ExtensibilityGlobals) = postSolution
		SolutionGuid = {8CC59749-9ADF-4D99-975D-DE6ADCB11108}
	EndGlobalSection
EndGlobal
